{
  "requires": true,
  "lockfileVersion": 1,
  "dependencies": {
    "jquery": {
      "version": "3.4.1",
      "resolved": "https://registry.npmjs.org/jquery/-/jquery-3.4.1.tgz",
      "integrity": "sha512-36+AdBzCL+y6qjw5Tx7HgzeGCzC81MDDgaUP8ld2zhx58HdqXGoBd+tHdrBMiyjGQs0Hxs/MLZTu/eHNJJuWPw=="
    },
    "jquery.fancytree": {
      "version": "2.31.0",
      "resolved": "https://registry.npmjs.org/jquery.fancytree/-/jquery.fancytree-2.31.0.tgz",
      "integrity": "sha512-c5/I3XVmoZH3wVA0elu54Juk1WmeVdj1F7AsFTmTJ9XYyLk+Mti5Ofx8FGpYsN6g8++6jl5zy/Fxm/fXVhxmSw==",
      "requires": {
        "jquery": "^3.4.1"
      }
    }
  }
}
